{
  "name": "higgsfield-youtubengine",
  "version": "0.1.0",
  "lockfileVersion": 3,
  "requires": true,
  "packages": {
    "": {
      "name": "higgsfield-youtubengine",
      "version": "0.1.0",
      "license": "MIT",
      "bin": {
        "new-video": "bin/new-video.js",
        "trend-scan": "bin/trend-scan.js",
        "trend-video": "bin/trend-video.js"
      },
      "engines": {
        "node": ">=16"
      }
    }
  }
}
